
Microsoft Visual Studio Solution File, Format Version 12.00
# Visual Studio Version 16
VisualStudioVersion = 16.0.29102.190
MinimumVisualStudioVersion = 10.0.40219.1
Project("{FAE04EC0-301F-11D3-BF4B-00C04F79EFBC}") = "Blogsite", "Blogsite\Blogsite.csproj", "{6DFFDFD5-155F-42F5-BD2E-CC1114FD8388}"
EndProject
Global
	GlobalSection(SolutionConfigurationPlatforms) = preSolution
		Debug|Any CPU = Debug|Any CPU
		Release|Any CPU = Release|Any CPU
	EndGlobalSection
	GlobalSection(ProjectConfigurationPlatforms) = postSolution
		{6DFFDFD5-155F-42F5-BD2E-CC1114FD8388}.Debug|Any CPU.ActiveCfg = Debug|Any CPU
		{6DFFDFD5-155F-42F5-BD2E-CC1114FD8388}.Debug|Any CPU.Build.0 = Debug|Any CPU
		{6DFFDFD5-155F-42F5-BD2E-CC1114FD8388}.Release|Any CPU.ActiveCfg = Release|Any CPU
		{6DFFDFD5-155F-42F5-BD2E-CC1114FD8388}.Release|Any CPU.Build.0 = Release|Any CPU
	EndGlobalSection
	GlobalSection(SolutionProperties) = preSolution
		HideSolutionNode = FALSE
	EndGlobalSection
	GlobalSection(ExtensibilityGlobals) = postSolution
		SolutionGuid = {21313D14-2786-4BDC-ACDF-44B48252CF0C}
	EndGlobalSection
EndGlobal
